
Microsoft Visual Studio Solution File, Format Version 12.00
# Visual Studio Version 17
VisualStudioVersion = 17.0.31903.59
MinimumVisualStudioVersion = 10.0.40219.1
Project("{2150E333-8FDC-42A3-9474-1A3956D46DE8}") = "Global", "Global", "{9BB9529D-3AA4-406E-8104-FE6DB4293000}"
	ProjectSection(SolutionItems) = preProject
		.editorconfig = .editorconfig
		.gitignore = .gitignore
		Global\AssemblyInfo.Global.cs = Global\AssemblyInfo.Global.cs
		changelog.txt = changelog.txt
		README.md = README.md
	EndProjectSection
EndProject
Project("{9A19103F-16F7-4668-BE54-9A1E7A4F7556}") = "EtLast", "EtLast\EtLast.csproj", "{0920E879-8254-4598-B45B-09EA142CCEA8}"
EndProject
Project("{9A19103F-16F7-4668-BE54-9A1E7A4F7556}") = "EtLast.AdoNet", "EtLast.AdoNet\EtLast.AdoNet.csproj", "{13911483-B951-4AC6-842F-DA0667F615F3}"
EndProject
Project("{9A19103F-16F7-4668-BE54-9A1E7A4F7556}") = "EtLast.EPPlus", "EtLast.EPPlus\EtLast.EPPlus.csproj", "{5042E651-A6BF-43DF-AF91-9465D712C3A2}"
EndProject
Project("{2150E333-8FDC-42A3-9474-1A3956D46DE8}") = "Tests", "Tests", "{31564631-1C65-4B5D-BBC6-7831C887D0D8}"
EndProject
Project("{9A19103F-16F7-4668-BE54-9A1E7A4F7556}") = "EtLast.Tests.Base", "Tests\EtLast.Tests.Base\EtLast.Tests.Base.csproj", "{67506A13-D75D-46B1-9A51-0C3820F2DFB7}"
EndProject
Project("{9A19103F-16F7-4668-BE54-9A1E7A4F7556}") = "EtLast.Tests.EPPlus", "Tests\EtLast.Tests.EPPlus\EtLast.Tests.EPPlus.csproj", "{156A9020-6414-4A9C-AF6A-6DCE050B7692}"
EndProject
Project("{9A19103F-16F7-4668-BE54-9A1E7A4F7556}") = "EtLast.Tests.Unit", "Tests\EtLast.Tests.Unit\EtLast.Tests.Unit.csproj", "{49AB2F76-B01C-4F0F-AE52-D533EB0BEBF3}"
EndProject
Project("{9A19103F-16F7-4668-BE54-9A1E7A4F7556}") = "EtLast.Specialized", "EtLast.Specialized\EtLast.Specialized.csproj", "{87E7EC8D-6E9E-4815-A399-486323441F40}"
EndProject
Project("{9A19103F-16F7-4668-BE54-9A1E7A4F7556}") = "EtLast.Diagnostics.Windows", "EtLast.Diagnostics.Windows\EtLast.Diagnostics.Windows.csproj", "{C6DD4813-2092-418D-8E89-2BDDA248D9A8}"
EndProject
Project("{9A19103F-16F7-4668-BE54-9A1E7A4F7556}") = "EtLast.Diagnostics.Interface", "EtLast.Diagnostics.Interface\EtLast.Diagnostics.Interface.csproj", "{2972041C-1CA5-4A7D-9381-20D8DE91A951}"
EndProject
Project("{9A19103F-16F7-4668-BE54-9A1E7A4F7556}") = "EtLast.DwhBuilder.MsSql", "EtLast.DwhBuilder.MsSql\EtLast.DwhBuilder.MsSql.csproj", "{4EDB9A4B-D22D-46E7-80D0-94ECFD2253D1}"
EndProject
Project("{9A19103F-16F7-4668-BE54-9A1E7A4F7556}") = "EtLast.ServiceModel", "EtLast.ServiceModel\EtLast.ServiceModel.csproj", "{B5BEF9AF-59EF-446D-8324-94119A03180E}"
EndProject
Project("{9A19103F-16F7-4668-BE54-9A1E7A4F7556}") = "EtLast.DwhBuilder", "EtLast.DwhBuilder\EtLast.DwhBuilder.csproj", "{9AF80E8C-BC7B-4EBE-BBB8-D61F397CB701}"
EndProject
Project("{9A19103F-16F7-4668-BE54-9A1E7A4F7556}") = "EtLast.Tests.DwhBuilder", "Tests\EtLast.Tests.DwhBuilder\EtLast.Tests.DwhBuilder.csproj", "{EA481A88-9A5E-4C04-ADF9-3ADF79AA89C9}"
EndProject
Project("{9A19103F-16F7-4668-BE54-9A1E7A4F7556}") = "EtLast.DwhBuilder.Extenders.DataDefinition", "EtLast.DwhBuilder.Extenders.DataDefinition\EtLast.DwhBuilder.Extenders.DataDefinition.csproj", "{8C57C5B0-5C41-469A-A65E-DBEDB9F8D079}"
EndProject
Project("{9A19103F-16F7-4668-BE54-9A1E7A4F7556}") = "EtLast.DwhBuilder.Extenders.DataDefinition.MsSql", "EtLast.DwhBuilder.Extenders.DataDefinition.MsSql\EtLast.DwhBuilder.Extenders.DataDefinition.MsSql.csproj", "{82B8E8A5-00E6-4C5F-A2B5-D08F8004A6F5}"
EndProject
Project("{9A19103F-16F7-4668-BE54-9A1E7A4F7556}") = "EtLast.Tests.Integration", "Tests\EtLast.Tests.Integration\EtLast.Tests.Integration.csproj", "{455E8BA4-C33B-438F-BBF5-C2E868D0CE79}"
EndProject
Project("{9A19103F-16F7-4668-BE54-9A1E7A4F7556}") = "EtLast.Diagnostics.HttpSender", "EtLast.Diagnostics.HttpSender\EtLast.Diagnostics.HttpSender.csproj", "{39A6B185-885A-45A1-A3D2-1B2334A701DE}"
EndProject
Project("{9A19103F-16F7-4668-BE54-9A1E7A4F7556}") = "EtLast.ConsoleHost", "EtLast.ConsoleHost\EtLast.ConsoleHost.csproj", "{E46AB17C-FE9E-4FA9-B639-7226618845D3}"
EndProject
Project("{9A19103F-16F7-4668-BE54-9A1E7A4F7556}") = "EtLast.LocalFiles", "EtLast.LocalFiles\EtLast.LocalFiles.csproj", "{9D685A55-DF34-423F-A6AD-258A4B77A904}"
EndProject
Project("{9A19103F-16F7-4668-BE54-9A1E7A4F7556}") = "EtLast.Tests.Integration.DwhBuilderTests", "Tests\EtLast.Tests.Integration.DwhBuilderTests\EtLast.Tests.Integration.DwhBuilderTests.csproj", "{FEC42030-DE6A-4EF7-ADF3-D992DA193311}"
EndProject
Project("{9A19103F-16F7-4668-BE54-9A1E7A4F7556}") = "EtLast.Tests.Integration.AdoNetTests", "Tests\EtLast.Tests.Integration.AdoNetTests\EtLast.Tests.Integration.AdoNetTests.csproj", "{3F82FFBD-E92B-4E64-A7E6-EFA21F8C8E14}"
EndProject
Project("{9A19103F-16F7-4668-BE54-9A1E7A4F7556}") = "EtLast.Tests.Integration.FlowTests", "Tests\EtLast.Tests.Integration.FlowTests\EtLast.Tests.Integration.FlowTests.csproj", "{26416897-8FD1-48A4-A5BA-F338E9966211}"
EndProject
Global
	GlobalSection(SolutionConfigurationPlatforms) = preSolution
		Debug|Any CPU = Debug|Any CPU
		Integration|Any CPU = Integration|Any CPU
		Release|Any CPU = Release|Any CPU
	EndGlobalSection
	GlobalSection(ProjectConfigurationPlatforms) = postSolution
		{0920E879-8254-4598-B45B-09EA142CCEA8}.Debug|Any CPU.ActiveCfg = Debug|Any CPU
		{0920E879-8254-4598-B45B-09EA142CCEA8}.Debug|Any CPU.Build.0 = Debug|Any CPU
		{0920E879-8254-4598-B45B-09EA142CCEA8}.Integration|Any CPU.ActiveCfg = Debug|Any CPU
		{0920E879-8254-4598-B45B-09EA142CCEA8}.Integration|Any CPU.Build.0 = Debug|Any CPU
		{0920E879-8254-4598-B45B-09EA142CCEA8}.Release|Any CPU.ActiveCfg = Release|Any CPU
		{0920E879-8254-4598-B45B-09EA142CCEA8}.Release|Any CPU.Build.0 = Release|Any CPU
		{13911483-B951-4AC6-842F-DA0667F615F3}.Debug|Any CPU.ActiveCfg = Debug|Any CPU
		{13911483-B951-4AC6-842F-DA0667F615F3}.Debug|Any CPU.Build.0 = Debug|Any CPU
		{13911483-B951-4AC6-842F-DA0667F615F3}.Integration|Any CPU.ActiveCfg = Debug|Any CPU
		{13911483-B951-4AC6-842F-DA0667F615F3}.Integration|Any CPU.Build.0 = Debug|Any CPU
		{13911483-B951-4AC6-842F-DA0667F615F3}.Release|Any CPU.ActiveCfg = Release|Any CPU
		{13911483-B951-4AC6-842F-DA0667F615F3}.Release|Any CPU.Build.0 = Release|Any CPU
		{5042E651-A6BF-43DF-AF91-9465D712C3A2}.Debug|Any CPU.ActiveCfg = Debug|Any CPU
		{5042E651-A6BF-43DF-AF91-9465D712C3A2}.Debug|Any CPU.Build.0 = Debug|Any CPU
		{5042E651-A6BF-43DF-AF91-9465D712C3A2}.Integration|Any CPU.ActiveCfg = Debug|Any CPU
		{5042E651-A6BF-43DF-AF91-9465D712C3A2}.Integration|Any CPU.Build.0 = Debug|Any CPU
		{5042E651-A6BF-43DF-AF91-9465D712C3A2}.Release|Any CPU.ActiveCfg = Release|Any CPU
		{5042E651-A6BF-43DF-AF91-9465D712C3A2}.Release|Any CPU.Build.0 = Release|Any CPU
		{67506A13-D75D-46B1-9A51-0C3820F2DFB7}.Debug|Any CPU.ActiveCfg = Debug|Any CPU
		{67506A13-D75D-46B1-9A51-0C3820F2DFB7}.Debug|Any CPU.Build.0 = Debug|Any CPU
		{67506A13-D75D-46B1-9A51-0C3820F2DFB7}.Integration|Any CPU.ActiveCfg = Debug|Any CPU
		{67506A13-D75D-46B1-9A51-0C3820F2DFB7}.Integration|Any CPU.Build.0 = Debug|Any CPU
		{67506A13-D75D-46B1-9A51-0C3820F2DFB7}.Release|Any CPU.ActiveCfg = Release|Any CPU
		{67506A13-D75D-46B1-9A51-0C3820F2DFB7}.Release|Any CPU.Build.0 = Release|Any CPU
		{156A9020-6414-4A9C-AF6A-6DCE050B7692}.Debug|Any CPU.ActiveCfg = Debug|Any CPU
		{156A9020-6414-4A9C-AF6A-6DCE050B7692}.Debug|Any CPU.Build.0 = Debug|Any CPU
		{156A9020-6414-4A9C-AF6A-6DCE050B7692}.Integration|Any CPU.ActiveCfg = Debug|Any CPU
		{156A9020-6414-4A9C-AF6A-6DCE050B7692}.Integration|Any CPU.Build.0 = Debug|Any CPU
		{156A9020-6414-4A9C-AF6A-6DCE050B7692}.Release|Any CPU.ActiveCfg = Release|Any CPU
		{156A9020-6414-4A9C-AF6A-6DCE050B7692}.Release|Any CPU.Build.0 = Release|Any CPU
		{49AB2F76-B01C-4F0F-AE52-D533EB0BEBF3}.Debug|Any CPU.ActiveCfg = Debug|Any CPU
		{49AB2F76-B01C-4F0F-AE52-D533EB0BEBF3}.Debug|Any CPU.Build.0 = Debug|Any CPU
		{49AB2F76-B01C-4F0F-AE52-D533EB0BEBF3}.Integration|Any CPU.ActiveCfg = Debug|Any CPU
		{49AB2F76-B01C-4F0F-AE52-D533EB0BEBF3}.Integration|Any CPU.Build.0 = Debug|Any CPU
		{49AB2F76-B01C-4F0F-AE52-D533EB0BEBF3}.Release|Any CPU.ActiveCfg = Release|Any CPU
		{49AB2F76-B01C-4F0F-AE52-D533EB0BEBF3}.Release|Any CPU.Build.0 = Release|Any CPU
		{87E7EC8D-6E9E-4815-A399-486323441F40}.Debug|Any CPU.ActiveCfg = Debug|Any CPU
		{87E7EC8D-6E9E-4815-A399-486323441F40}.Debug|Any CPU.Build.0 = Debug|Any CPU
		{87E7EC8D-6E9E-4815-A399-486323441F40}.Integration|Any CPU.ActiveCfg = Debug|Any CPU
		{87E7EC8D-6E9E-4815-A399-486323441F40}.Integration|Any CPU.Build.0 = Debug|Any CPU
		{87E7EC8D-6E9E-4815-A399-486323441F40}.Release|Any CPU.ActiveCfg = Release|Any CPU
		{87E7EC8D-6E9E-4815-A399-486323441F40}.Release|Any CPU.Build.0 = Release|Any CPU
		{C6DD4813-2092-418D-8E89-2BDDA248D9A8}.Debug|Any CPU.ActiveCfg = Debug|Any CPU
		{C6DD4813-2092-418D-8E89-2BDDA248D9A8}.Debug|Any CPU.Build.0 = Debug|Any CPU
		{C6DD4813-2092-418D-8E89-2BDDA248D9A8}.Integration|Any CPU.ActiveCfg = Debug|Any CPU
		{C6DD4813-2092-418D-8E89-2BDDA248D9A8}.Integration|Any CPU.Build.0 = Debug|Any CPU
		{C6DD4813-2092-418D-8E89-2BDDA248D9A8}.Release|Any CPU.ActiveCfg = Release|Any CPU
		{C6DD4813-2092-418D-8E89-2BDDA248D9A8}.Release|Any CPU.Build.0 = Release|Any CPU
		{2972041C-1CA5-4A7D-9381-20D8DE91A951}.Debug|Any CPU.ActiveCfg = Debug|Any CPU
		{2972041C-1CA5-4A7D-9381-20D8DE91A951}.Debug|Any CPU.Build.0 = Debug|Any CPU
		{2972041C-1CA5-4A7D-9381-20D8DE91A951}.Integration|Any CPU.ActiveCfg = Debug|Any CPU
		{2972041C-1CA5-4A7D-9381-20D8DE91A951}.Integration|Any CPU.Build.0 = Debug|Any CPU
		{2972041C-1CA5-4A7D-9381-20D8DE91A951}.Release|Any CPU.ActiveCfg = Release|Any CPU
		{2972041C-1CA5-4A7D-9381-20D8DE91A951}.Release|Any CPU.Build.0 = Release|Any CPU
		{4EDB9A4B-D22D-46E7-80D0-94ECFD2253D1}.Debug|Any CPU.ActiveCfg = Debug|Any CPU
		{4EDB9A4B-D22D-46E7-80D0-94ECFD2253D1}.Debug|Any CPU.Build.0 = Debug|Any CPU
		{4EDB9A4B-D22D-46E7-80D0-94ECFD2253D1}.Integration|Any CPU.ActiveCfg = Debug|Any CPU
		{4EDB9A4B-D22D-46E7-80D0-94ECFD2253D1}.Integration|Any CPU.Build.0 = Debug|Any CPU
		{4EDB9A4B-D22D-46E7-80D0-94ECFD2253D1}.Release|Any CPU.ActiveCfg = Release|Any CPU
		{4EDB9A4B-D22D-46E7-80D0-94ECFD2253D1}.Release|Any CPU.Build.0 = Release|Any CPU
		{B5BEF9AF-59EF-446D-8324-94119A03180E}.Debug|Any CPU.ActiveCfg = Debug|Any CPU
		{B5BEF9AF-59EF-446D-8324-94119A03180E}.Debug|Any CPU.Build.0 = Debug|Any CPU
		{B5BEF9AF-59EF-446D-8324-94119A03180E}.Integration|Any CPU.ActiveCfg = Debug|Any CPU
		{B5BEF9AF-59EF-446D-8324-94119A03180E}.Integration|Any CPU.Build.0 = Debug|Any CPU
		{B5BEF9AF-59EF-446D-8324-94119A03180E}.Release|Any CPU.ActiveCfg = Release|Any CPU
		{B5BEF9AF-59EF-446D-8324-94119A03180E}.Release|Any CPU.Build.0 = Release|Any CPU
		{9AF80E8C-BC7B-4EBE-BBB8-D61F397CB701}.Debug|Any CPU.ActiveCfg = Debug|Any CPU
		{9AF80E8C-BC7B-4EBE-BBB8-D61F397CB701}.Debug|Any CPU.Build.0 = Debug|Any CPU
		{9AF80E8C-BC7B-4EBE-BBB8-D61F397CB701}.Integration|Any CPU.ActiveCfg = Debug|Any CPU
		{9AF80E8C-BC7B-4EBE-BBB8-D61F397CB701}.Integration|Any CPU.Build.0 = Debug|Any CPU
		{9AF80E8C-BC7B-4EBE-BBB8-D61F397CB701}.Release|Any CPU.ActiveCfg = Release|Any CPU
		{9AF80E8C-BC7B-4EBE-BBB8-D61F397CB701}.Release|Any CPU.Build.0 = Release|Any CPU
		{EA481A88-9A5E-4C04-ADF9-3ADF79AA89C9}.Debug|Any CPU.ActiveCfg = Debug|Any CPU
		{EA481A88-9A5E-4C04-ADF9-3ADF79AA89C9}.Debug|Any CPU.Build.0 = Debug|Any CPU
		{EA481A88-9A5E-4C04-ADF9-3ADF79AA89C9}.Integration|Any CPU.ActiveCfg = Debug|Any CPU
		{EA481A88-9A5E-4C04-ADF9-3ADF79AA89C9}.Integration|Any CPU.Build.0 = Debug|Any CPU
		{EA481A88-9A5E-4C04-ADF9-3ADF79AA89C9}.Release|Any CPU.ActiveCfg = Release|Any CPU
		{EA481A88-9A5E-4C04-ADF9-3ADF79AA89C9}.Release|Any CPU.Build.0 = Release|Any CPU
		{8C57C5B0-5C41-469A-A65E-DBEDB9F8D079}.Debug|Any CPU.ActiveCfg = Debug|Any CPU
		{8C57C5B0-5C41-469A-A65E-DBEDB9F8D079}.Debug|Any CPU.Build.0 = Debug|Any CPU
		{8C57C5B0-5C41-469A-A65E-DBEDB9F8D079}.Integration|Any CPU.ActiveCfg = Debug|Any CPU
		{8C57C5B0-5C41-469A-A65E-DBEDB9F8D079}.Integration|Any CPU.Build.0 = Debug|Any CPU
		{8C57C5B0-5C41-469A-A65E-DBEDB9F8D079}.Release|Any CPU.ActiveCfg = Release|Any CPU
		{8C57C5B0-5C41-469A-A65E-DBEDB9F8D079}.Release|Any CPU.Build.0 = Release|Any CPU
		{82B8E8A5-00E6-4C5F-A2B5-D08F8004A6F5}.Debug|Any CPU.ActiveCfg = Debug|Any CPU
		{82B8E8A5-00E6-4C5F-A2B5-D08F8004A6F5}.Debug|Any CPU.Build.0 = Debug|Any CPU
		{82B8E8A5-00E6-4C5F-A2B5-D08F8004A6F5}.Integration|Any CPU.ActiveCfg = Debug|Any CPU
		{82B8E8A5-00E6-4C5F-A2B5-D08F8004A6F5}.Integration|Any CPU.Build.0 = Debug|Any CPU
		{82B8E8A5-00E6-4C5F-A2B5-D08F8004A6F5}.Release|Any CPU.ActiveCfg = Release|Any CPU
		{82B8E8A5-00E6-4C5F-A2B5-D08F8004A6F5}.Release|Any CPU.Build.0 = Release|Any CPU
		{455E8BA4-C33B-438F-BBF5-C2E868D0CE79}.Debug|Any CPU.ActiveCfg = Debug|Any CPU
		{455E8BA4-C33B-438F-BBF5-C2E868D0CE79}.Debug|Any CPU.Build.0 = Debug|Any CPU
		{455E8BA4-C33B-438F-BBF5-C2E868D0CE79}.Integration|Any CPU.ActiveCfg = Debug|Any CPU
		{455E8BA4-C33B-438F-BBF5-C2E868D0CE79}.Integration|Any CPU.Build.0 = Debug|Any CPU
		{455E8BA4-C33B-438F-BBF5-C2E868D0CE79}.Release|Any CPU.ActiveCfg = Release|Any CPU
		{455E8BA4-C33B-438F-BBF5-C2E868D0CE79}.Release|Any CPU.Build.0 = Release|Any CPU
		{39A6B185-885A-45A1-A3D2-1B2334A701DE}.Debug|Any CPU.ActiveCfg = Debug|Any CPU
		{39A6B185-885A-45A1-A3D2-1B2334A701DE}.Debug|Any CPU.Build.0 = Debug|Any CPU
		{39A6B185-885A-45A1-A3D2-1B2334A701DE}.Integration|Any CPU.ActiveCfg = Debug|Any CPU
		{39A6B185-885A-45A1-A3D2-1B2334A701DE}.Integration|Any CPU.Build.0 = Debug|Any CPU
		{39A6B185-885A-45A1-A3D2-1B2334A701DE}.Release|Any CPU.ActiveCfg = Release|Any CPU
		{39A6B185-885A-45A1-A3D2-1B2334A701DE}.Release|Any CPU.Build.0 = Release|Any CPU
		{E46AB17C-FE9E-4FA9-B639-7226618845D3}.Debug|Any CPU.ActiveCfg = Debug|Any CPU
		{E46AB17C-FE9E-4FA9-B639-7226618845D3}.Debug|Any CPU.Build.0 = Debug|Any CPU
		{E46AB17C-FE9E-4FA9-B639-7226618845D3}.Integration|Any CPU.ActiveCfg = Debug|Any CPU
		{E46AB17C-FE9E-4FA9-B639-7226618845D3}.Integration|Any CPU.Build.0 = Debug|Any CPU
		{E46AB17C-FE9E-4FA9-B639-7226618845D3}.Release|Any CPU.ActiveCfg = Release|Any CPU
		{E46AB17C-FE9E-4FA9-B639-7226618845D3}.Release|Any CPU.Build.0 = Release|Any CPU
		{9D685A55-DF34-423F-A6AD-258A4B77A904}.Debug|Any CPU.ActiveCfg = Debug|Any CPU
		{9D685A55-DF34-423F-A6AD-258A4B77A904}.Debug|Any CPU.Build.0 = Debug|Any CPU
		{9D685A55-DF34-423F-A6AD-258A4B77A904}.Integration|Any CPU.ActiveCfg = Debug|Any CPU
		{9D685A55-DF34-423F-A6AD-258A4B77A904}.Integration|Any CPU.Build.0 = Debug|Any CPU
		{9D685A55-DF34-423F-A6AD-258A4B77A904}.Release|Any CPU.ActiveCfg = Release|Any CPU
		{9D685A55-DF34-423F-A6AD-258A4B77A904}.Release|Any CPU.Build.0 = Release|Any CPU
		{FEC42030-DE6A-4EF7-ADF3-D992DA193311}.Debug|Any CPU.ActiveCfg = Debug|Any CPU
		{FEC42030-DE6A-4EF7-ADF3-D992DA193311}.Debug|Any CPU.Build.0 = Debug|Any CPU
		{FEC42030-DE6A-4EF7-ADF3-D992DA193311}.Integration|Any CPU.ActiveCfg = Debug|Any CPU
		{FEC42030-DE6A-4EF7-ADF3-D992DA193311}.Integration|Any CPU.Build.0 = Debug|Any CPU
		{FEC42030-DE6A-4EF7-ADF3-D992DA193311}.Release|Any CPU.ActiveCfg = Release|Any CPU
		{FEC42030-DE6A-4EF7-ADF3-D992DA193311}.Release|Any CPU.Build.0 = Release|Any CPU
		{3F82FFBD-E92B-4E64-A7E6-EFA21F8C8E14}.Debug|Any CPU.ActiveCfg = Debug|Any CPU
		{3F82FFBD-E92B-4E64-A7E6-EFA21F8C8E14}.Debug|Any CPU.Build.0 = Debug|Any CPU
		{3F82FFBD-E92B-4E64-A7E6-EFA21F8C8E14}.Integration|Any CPU.ActiveCfg = Integration|Any CPU
		{3F82FFBD-E92B-4E64-A7E6-EFA21F8C8E14}.Integration|Any CPU.Build.0 = Integration|Any CPU
		{3F82FFBD-E92B-4E64-A7E6-EFA21F8C8E14}.Release|Any CPU.ActiveCfg = Release|Any CPU
		{3F82FFBD-E92B-4E64-A7E6-EFA21F8C8E14}.Release|Any CPU.Build.0 = Release|Any CPU
		{26416897-8FD1-48A4-A5BA-F338E9966211}.Debug|Any CPU.ActiveCfg = Debug|Any CPU
		{26416897-8FD1-48A4-A5BA-F338E9966211}.Debug|Any CPU.Build.0 = Debug|Any CPU
		{26416897-8FD1-48A4-A5BA-F338E9966211}.Integration|Any CPU.ActiveCfg = Debug|Any CPU
		{26416897-8FD1-48A4-A5BA-F338E9966211}.Integration|Any CPU.Build.0 = Debug|Any CPU
		{26416897-8FD1-48A4-A5BA-F338E9966211}.Release|Any CPU.ActiveCfg = Release|Any CPU
		{26416897-8FD1-48A4-A5BA-F338E9966211}.Release|Any CPU.Build.0 = Release|Any CPU
	EndGlobalSection
	GlobalSection(SolutionProperties) = preSolution
		HideSolutionNode = FALSE
	EndGlobalSection
	GlobalSection(NestedProjects) = preSolution
		{67506A13-D75D-46B1-9A51-0C3820F2DFB7} = {31564631-1C65-4B5D-BBC6-7831C887D0D8}
		{156A9020-6414-4A9C-AF6A-6DCE050B7692} = {31564631-1C65-4B5D-BBC6-7831C887D0D8}
		{49AB2F76-B01C-4F0F-AE52-D533EB0BEBF3} = {31564631-1C65-4B5D-BBC6-7831C887D0D8}
		{EA481A88-9A5E-4C04-ADF9-3ADF79AA89C9} = {31564631-1C65-4B5D-BBC6-7831C887D0D8}
		{455E8BA4-C33B-438F-BBF5-C2E868D0CE79} = {31564631-1C65-4B5D-BBC6-7831C887D0D8}
		{FEC42030-DE6A-4EF7-ADF3-D992DA193311} = {31564631-1C65-4B5D-BBC6-7831C887D0D8}
		{3F82FFBD-E92B-4E64-A7E6-EFA21F8C8E14} = {31564631-1C65-4B5D-BBC6-7831C887D0D8}
		{26416897-8FD1-48A4-A5BA-F338E9966211} = {31564631-1C65-4B5D-BBC6-7831C887D0D8}
	EndGlobalSection
	GlobalSection(ExtensibilityGlobals) = postSolution
		SolutionGuid = {2B1A4546-5839-4F14-8E4D-8404CA122935}
	EndGlobalSection
	GlobalSection(Performance) = preSolution
		HasPerformanceSessions = true
	EndGlobalSection
	GlobalSection(Performance) = preSolution
		HasPerformanceSessions = true
	EndGlobalSection
	GlobalSection(Performance) = preSolution
		HasPerformanceSessions = true
	EndGlobalSection
EndGlobal
